
Microsoft Visual Studio Solution File, Format Version 12.00
# Visual Studio Version 17
VisualStudioVersion = 17.7.34024.191
MinimumVisualStudioVersion = 10.0.40219.1
Project("{FAE04EC0-301F-11D3-BF4B-00C04F79EFBC}") = "PDC06_Module02.Android", "PDC06_Module02\PDC06_Module02.Android\PDC06_Module02.Android.csproj", "{EC05AEF7-5937-436C-968D-828694774B50}"
EndProject
Project("{FAE04EC0-301F-11D3-BF4B-00C04F79EFBC}") = "PDC06_Module02", "PDC06_Module02\PDC06_Module02\PDC06_Module02.csproj", "{654D0D50-2CF3-4F98-BAA5-4A170C1C2FC1}"
EndProject
Global
	GlobalSection(SolutionConfigurationPlatforms) = preSolution
		Debug|Any CPU = Debug|Any CPU
		Release|Any CPU = Release|Any CPU
	EndGlobalSection
	GlobalSection(ProjectConfigurationPlatforms) = postSolution
		{EC05AEF7-5937-436C-968D-828694774B50}.Debug|Any CPU.ActiveCfg = Debug|Any CPU
		{EC05AEF7-5937-436C-968D-828694774B50}.Debug|Any CPU.Build.0 = Debug|Any CPU
		{EC05AEF7-5937-436C-968D-828694774B50}.Debug|Any CPU.Deploy.0 = Debug|Any CPU
		{EC05AEF7-5937-436C-968D-828694774B50}.Release|Any CPU.ActiveCfg = Release|Any CPU
		{EC05AEF7-5937-436C-968D-828694774B50}.Release|Any CPU.Build.0 = Release|Any CPU
		{EC05AEF7-5937-436C-968D-828694774B50}.Release|Any CPU.Deploy.0 = Release|Any CPU
		{654D0D50-2CF3-4F98-BAA5-4A170C1C2FC1}.Debug|Any CPU.ActiveCfg = Debug|Any CPU
		{654D0D50-2CF3-4F98-BAA5-4A170C1C2FC1}.Debug|Any CPU.Build.0 = Debug|Any CPU
		{654D0D50-2CF3-4F98-BAA5-4A170C1C2FC1}.Debug|Any CPU.Deploy.0 = Debug|Any CPU
		{654D0D50-2CF3-4F98-BAA5-4A170C1C2FC1}.Release|Any CPU.ActiveCfg = Release|Any CPU
		{654D0D50-2CF3-4F98-BAA5-4A170C1C2FC1}.Release|Any CPU.Build.0 = Release|Any CPU
		{654D0D50-2CF3-4F98-BAA5-4A170C1C2FC1}.Release|Any CPU.Deploy.0 = Release|Any CPU
	EndGlobalSection
	GlobalSection(SolutionProperties) = preSolution
		HideSolutionNode = FALSE
	EndGlobalSection
	GlobalSection(ExtensibilityGlobals) = postSolution
		SolutionGuid = {21568230-BA53-4A4D-AFD3-CF5021EA7533}
	EndGlobalSection
EndGlobal
